
Microsoft Visual Studio Solution File, Format Version 12.00
# Visual Studio Version 16
VisualStudioVersion = 16.0.30128.74
MinimumVisualStudioVersion = 10.0.40219.1
Project("{FAE04EC0-301F-11D3-BF4B-00C04F79EFBC}") = "PriceTicker", "PriceTicker\PriceTicker.csproj", "{69F58615-4466-49DD-95C0-7C4B4E9FCA71}"
EndProject
Project("{FAE04EC0-301F-11D3-BF4B-00C04F79EFBC}") = "PriceTickerShared", "PriceTickerShared\PriceTickerShared.csproj", "{DD7DC4E9-081D-469E-827C-26CDF6DDCDB3}"
EndProject
Project("{FAE04EC0-301F-11D3-BF4B-00C04F79EFBC}") = "PriceTickerService", "PriceTickerService\PriceTickerService.csproj", "{E53AFA4B-07AB-4D69-83BB-FDD3682814D9}"
EndProject
Global
	GlobalSection(SolutionConfigurationPlatforms) = preSolution
		Debug|Any CPU = Debug|Any CPU
		Release|Any CPU = Release|Any CPU
	EndGlobalSection
	GlobalSection(ProjectConfigurationPlatforms) = postSolution
		{69F58615-4466-49DD-95C0-7C4B4E9FCA71}.Debug|Any CPU.ActiveCfg = Debug|Any CPU
		{69F58615-4466-49DD-95C0-7C4B4E9FCA71}.Debug|Any CPU.Build.0 = Debug|Any CPU
		{69F58615-4466-49DD-95C0-7C4B4E9FCA71}.Release|Any CPU.ActiveCfg = Release|Any CPU
		{69F58615-4466-49DD-95C0-7C4B4E9FCA71}.Release|Any CPU.Build.0 = Release|Any CPU
		{DD7DC4E9-081D-469E-827C-26CDF6DDCDB3}.Debug|Any CPU.ActiveCfg = Debug|Any CPU
		{DD7DC4E9-081D-469E-827C-26CDF6DDCDB3}.Debug|Any CPU.Build.0 = Debug|Any CPU
		{DD7DC4E9-081D-469E-827C-26CDF6DDCDB3}.Release|Any CPU.ActiveCfg = Release|Any CPU
		{DD7DC4E9-081D-469E-827C-26CDF6DDCDB3}.Release|Any CPU.Build.0 = Release|Any CPU
		{E53AFA4B-07AB-4D69-83BB-FDD3682814D9}.Debug|Any CPU.ActiveCfg = Debug|Any CPU
		{E53AFA4B-07AB-4D69-83BB-FDD3682814D9}.Debug|Any CPU.Build.0 = Debug|Any CPU
		{E53AFA4B-07AB-4D69-83BB-FDD3682814D9}.Release|Any CPU.ActiveCfg = Release|Any CPU
		{E53AFA4B-07AB-4D69-83BB-FDD3682814D9}.Release|Any CPU.Build.0 = Release|Any CPU
	EndGlobalSection
	GlobalSection(SolutionProperties) = preSolution
		HideSolutionNode = FALSE
	EndGlobalSection
	GlobalSection(ExtensibilityGlobals) = postSolution
		SolutionGuid = {6EF8D0BF-6F88-4CEA-B663-63B97F75231D}
	EndGlobalSection
EndGlobal
